
Microsoft Visual Studio Solution File, Format Version 12.00
# Visual Studio 15
VisualStudioVersion = 15.0.27130.2026
MinimumVisualStudioVersion = 10.0.40219.1
Project("{FAE04EC0-301F-11D3-BF4B-00C04F79EFBC}") = "SNESControl_Client", "SNESControl_Client\SNESControl_Client.csproj", "{D0FA8A55-C435-4927-B591-EE93B6A9DF15}"
EndProject
Global
	GlobalSection(SolutionConfigurationPlatforms) = preSolution
		Debug|Any CPU = Debug|Any CPU
		Release|Any CPU = Release|Any CPU
	EndGlobalSection
	GlobalSection(ProjectConfigurationPlatforms) = postSolution
		{D0FA8A55-C435-4927-B591-EE93B6A9DF15}.Debug|Any CPU.ActiveCfg = Debug|Any CPU
		{D0FA8A55-C435-4927-B591-EE93B6A9DF15}.Debug|Any CPU.Build.0 = Debug|Any CPU
		{D0FA8A55-C435-4927-B591-EE93B6A9DF15}.Release|Any CPU.ActiveCfg = Release|Any CPU
		{D0FA8A55-C435-4927-B591-EE93B6A9DF15}.Release|Any CPU.Build.0 = Release|Any CPU
	EndGlobalSection
	GlobalSection(SolutionProperties) = preSolution
		HideSolutionNode = FALSE
	EndGlobalSection
	GlobalSection(ExtensibilityGlobals) = postSolution
		SolutionGuid = {51C12929-5516-4D29-A463-F0DF89AD22DA}
	EndGlobalSection
EndGlobal
